
Microsoft Visual Studio Solution File, Format Version 12.00
Project("{FAE04EC0-301F-11D3-BF4B-00C04F79EFBC}") = "Genius", "Genius\Genius.csproj", "{406A05C3-DAEC-4B4B-A171-6AC36AA34AEF}"
EndProject
Project("{FAE04EC0-301F-11D3-BF4B-00C04F79EFBC}") = "ExampleApplication", "..\ExampleApplication\ExampleApplication.csproj", "{2B96F2D1-CE31-4145-A677-F2AF969AA9A2}"
EndProject
Global
	GlobalSection(SolutionConfigurationPlatforms) = preSolution
		Debug|Any CPU = Debug|Any CPU
		Release|Any CPU = Release|Any CPU
	EndGlobalSection
	GlobalSection(ProjectConfigurationPlatforms) = postSolution
		{406A05C3-DAEC-4B4B-A171-6AC36AA34AEF}.Debug|Any CPU.ActiveCfg = Debug|Any CPU
		{406A05C3-DAEC-4B4B-A171-6AC36AA34AEF}.Debug|Any CPU.Build.0 = Debug|Any CPU
		{406A05C3-DAEC-4B4B-A171-6AC36AA34AEF}.Release|Any CPU.ActiveCfg = Release|Any CPU
		{406A05C3-DAEC-4B4B-A171-6AC36AA34AEF}.Release|Any CPU.Build.0 = Release|Any CPU
		{2B96F2D1-CE31-4145-A677-F2AF969AA9A2}.Debug|Any CPU.ActiveCfg = Debug|Any CPU
		{2B96F2D1-CE31-4145-A677-F2AF969AA9A2}.Debug|Any CPU.Build.0 = Debug|Any CPU
		{2B96F2D1-CE31-4145-A677-F2AF969AA9A2}.Release|Any CPU.ActiveCfg = Release|Any CPU
		{2B96F2D1-CE31-4145-A677-F2AF969AA9A2}.Release|Any CPU.Build.0 = Release|Any CPU
	EndGlobalSection
EndGlobal
